
Microsoft Visual Studio Solution File, Format Version 12.00
# Visual Studio Version 17
VisualStudioVersion = 17.14.36119.2 d17.14
MinimumVisualStudioVersion = 10.0.40219.1
Project("{FAE04EC0-301F-11D3-BF4B-00C04F79EFBC}") = "AngularApp", "AngularApp\AngularApp.csproj", "{786037FA-B1C6-4FF4-81A6-2F3D9E99AC8B}"
EndProject
Global
	GlobalSection(SolutionConfigurationPlatforms) = preSolution
		Debug|Any CPU = Debug|Any CPU
		Release|Any CPU = Release|Any CPU
	EndGlobalSection
	GlobalSection(ProjectConfigurationPlatforms) = postSolution
		{786037FA-B1C6-4FF4-81A6-2F3D9E99AC8B}.Debug|Any CPU.ActiveCfg = Debug|Any CPU
		{786037FA-B1C6-4FF4-81A6-2F3D9E99AC8B}.Debug|Any CPU.Build.0 = Debug|Any CPU
		{786037FA-B1C6-4FF4-81A6-2F3D9E99AC8B}.Release|Any CPU.ActiveCfg = Release|Any CPU
		{786037FA-B1C6-4FF4-81A6-2F3D9E99AC8B}.Release|Any CPU.Build.0 = Release|Any CPU
	EndGlobalSection
	GlobalSection(SolutionProperties) = preSolution
		HideSolutionNode = FALSE
	EndGlobalSection
	GlobalSection(ExtensibilityGlobals) = postSolution
		SolutionGuid = {19CC2F0B-3A4E-4ABE-AEE0-AE9025DBB7DA}
	EndGlobalSection
EndGlobal
